
Microsoft Visual Studio Solution File, Format Version 12.00
# Visual Studio Version 17
VisualStudioVersion = 17.4.33213.308
MinimumVisualStudioVersion = 10.0.40219.1
Project("{FAE04EC0-301F-11D3-BF4B-00C04F79EFBC}") = "api", "api\api.csproj", "{8DE8381D-FEB5-4452-BD06-92F008A1C191}"
EndProject
Global
	GlobalSection(SolutionConfigurationPlatforms) = preSolution
		Debug|Any CPU = Debug|Any CPU
		Release|Any CPU = Release|Any CPU
	EndGlobalSection
	GlobalSection(ProjectConfigurationPlatforms) = postSolution
		{8DE8381D-FEB5-4452-BD06-92F008A1C191}.Debug|Any CPU.ActiveCfg = Debug|Any CPU
		{8DE8381D-FEB5-4452-BD06-92F008A1C191}.Debug|Any CPU.Build.0 = Debug|Any CPU
		{8DE8381D-FEB5-4452-BD06-92F008A1C191}.Release|Any CPU.ActiveCfg = Release|Any CPU
		{8DE8381D-FEB5-4452-BD06-92F008A1C191}.Release|Any CPU.Build.0 = Release|Any CPU
	EndGlobalSection
	GlobalSection(SolutionProperties) = preSolution
		HideSolutionNode = FALSE
	EndGlobalSection
	GlobalSection(ExtensibilityGlobals) = postSolution
		SolutionGuid = {4C021735-3D19-4421-BC35-A927D7AA4F9B}
	EndGlobalSection
EndGlobal
